{
  "name": "office-oxide",
  "version": "0.1.2",
  "lockfileVersion": 3,
  "requires": true,
  "packages": {
    "": {
      "name": "office-oxide",
      "version": "0.1.2",
      "hasInstallScript": true,
      "license": "MIT OR Apache-2.0",
      "dependencies": {
        "koffi": "^3.0.1"
      },
      "engines": {
        "node": ">=18"
      }
    },
    "node_modules/@koromix/koffi-darwin-arm64": {
      "version": "3.0.1",
      "resolved": "https://registry.npmjs.org/@koromix/koffi-darwin-arm64/-/koffi-darwin-arm64-3.0.1.tgz",
      "integrity": "sha512-2T+od0WK77PnpKiZM7Le44s3my4DE+83c46mfcvMo1HjtP+lMRZxL9XJgd3zbR+KkGy8OKMLFgwbiTO4RcYYqw==",
      "cpu": [
        "arm64"
      ],
      "license": "MIT",
      "optional": true,
      "os": [
        "darwin"
      ],
      "funding": {
        "url": "https://liberapay.com/Koromix"
      }
    },
    "node_modules/@koromix/koffi-darwin-x64": {
      "version": "3.0.1",
      "resolved": "https://registry.npmjs.org/@koromix/koffi-darwin-x64/-/koffi-darwin-x64-3.0.1.tgz",
      "integrity": "sha512-wrj0Udo0vNI9TFFAwvYDYnUHsNabJ3jko2XwRQPOnYoZSZA28BIvgBexrwdsTE0xcHnPgV+HdISxThOQcCgKZQ==",
      "cpu": [
        "x64"
      ],
      "license": "MIT",
      "optional": true,
      "os": [
        "darwin"
      ],
      "funding": {
        "url": "https://liberapay.com/Koromix"
      }
    },
    "node_modules/@koromix/koffi-freebsd-arm64": {
      "version": "3.0.1",
      "resolved": "https://registry.npmjs.org/@koromix/koffi-freebsd-arm64/-/koffi-freebsd-arm64-3.0.1.tgz",
      "integrity": "sha512-DnWq4df9J9qz1XYMcA3yyHm9B/HW79L5T/+MKglDDzHteMQqDqC7AHFau/xSMbn1vvbObyLXbl8FDKUoAB0PKg==",
      "cpu": [
        "arm64"
      ],
      "license": "MIT",
      "optional": true,
      "os": [
        "freebsd"
      ],
      "funding": {
        "url": "https://liberapay.com/Koromix"
      }
    },
    "node_modules/@koromix/koffi-freebsd-ia32": {
      "version": "3.0.1",
      "resolved": "https://registry.npmjs.org/@koromix/koffi-freebsd-ia32/-/koffi-freebsd-ia32-3.0.1.tgz",
      "integrity": "sha512-l36oavvHE3XSfO7tU93zYayZJ6Ot9wgw9QOWijU/3s5nO6PKoV75RdcVQnUX/RkzcqxEE5QFx5u9P4NiGsWMBg==",
      "cpu": [
        "ia32"
      ],
      "license": "MIT",
      "optional": true,
      "os": [
        "freebsd"
      ],
      "funding": {
        "url": "https://liberapay.com/Koromix"
      }
    },
    "node_modules/@koromix/koffi-freebsd-x64": {
      "version": "3.0.1",
      "resolved": "https://registry.npmjs.org/@koromix/koffi-freebsd-x64/-/koffi-freebsd-x64-3.0.1.tgz",
      "integrity": "sha512-KviR5LKIAkVUGuPnx7R9HVl4HEE+4dD/F/sVKm2XUC9rK3VhXvO7BZmlqSi5rXGtsBZRZeZxgad707ZyZ8K2JQ==",
      "cpu": [
        "x64"
      ],
      "license": "MIT",
      "optional": true,
      "os": [
        "freebsd"
      ],
      "funding": {
        "url": "https://liberapay.com/Koromix"
      }
    },
    "node_modules/@koromix/koffi-linux-arm64": {
      "version": "3.0.1",
      "resolved": "https://registry.npmjs.org/@koromix/koffi-linux-arm64/-/koffi-linux-arm64-3.0.1.tgz",
      "integrity": "sha512-Lo7d2OsjqgYTeY7BvnXWAdYrTVJ5aKOCjQRp47cUGipIK9Hr9oH4cRUEEd6qpoZfMOuMgfF9SkW+RFKgP1TRLA==",
      "cpu": [
        "arm64"
      ],
      "license": "MIT",
      "optional": true,
      "os": [
        "linux"
      ],
      "funding": {
        "url": "https://liberapay.com/Koromix"
      }
    },
    "node_modules/@koromix/koffi-linux-ia32": {
      "version": "3.0.1",
      "resolved": "https://registry.npmjs.org/@koromix/koffi-linux-ia32/-/koffi-linux-ia32-3.0.1.tgz",
      "integrity": "sha512-nii/wpTFIcMkDBfK7nKttKiljLyvBmLCG1unQzpkgYlyJb1HjdJqAOi+dkOO0Rq1IpLAcm2rIUjGlmgZMFqE6g==",
      "cpu": [
        "ia32"
      ],
      "license": "MIT",
      "optional": true,
      "os": [
        "linux"
      ],
      "funding": {
        "url": "https://liberapay.com/Koromix"
      }
    },
    "node_modules/@koromix/koffi-linux-loong64": {
      "version": "3.0.1",
      "resolved": "https://registry.npmjs.org/@koromix/koffi-linux-loong64/-/koffi-linux-loong64-3.0.1.tgz",
      "integrity": "sha512-5XFx7neAJpzIyRKbjxdRYUAK3uutMzn68mGke8m/igy2MmxSV255xdQ4vknrj7rhT3f0N1aJmmrWMyJMZdfmIw==",
      "cpu": [
        "loong64"
      ],
      "license": "MIT",
      "optional": true,
      "os": [
        "linux"
      ],
      "funding": {
        "url": "https://liberapay.com/Koromix"
      }
    },
    "node_modules/@koromix/koffi-linux-riscv64": {
      "version": "3.0.1",
      "resolved": "https://registry.npmjs.org/@koromix/koffi-linux-riscv64/-/koffi-linux-riscv64-3.0.1.tgz",
      "integrity": "sha512-FCH8H9DKOaIknPPWy93Jkq8FNs4P2O6Pl1nUjHwtfnmod3jHg6sPoHxfWqHLana61bnCJ/W1qOwrDnaUR+FRnQ==",
      "cpu": [
        "riscv64"
      ],
      "license": "MIT",
      "optional": true,
      "os": [
        "linux"
      ],
      "funding": {
        "url": "https://liberapay.com/Koromix"
      }
    },
    "node_modules/@koromix/koffi-linux-x64": {
      "version": "3.0.1",
      "resolved": "https://registry.npmjs.org/@koromix/koffi-linux-x64/-/koffi-linux-x64-3.0.1.tgz",
      "integrity": "sha512-plBYq4WL4wHaz6RH5nhK5wjC0VWGZZno9R8x4JfaiVMPmlibrjattiqNGf0YOOTm1y2Sd20FmwAc8q8AK7nm9w==",
      "cpu": [
        "x64"
      ],
      "license": "MIT",
      "optional": true,
      "os": [
        "linux"
      ],
      "funding": {
        "url": "https://liberapay.com/Koromix"
      }
    },
    "node_modules/@koromix/koffi-openbsd-ia32": {
      "version": "3.0.1",
      "resolved": "https://registry.npmjs.org/@koromix/koffi-openbsd-ia32/-/koffi-openbsd-ia32-3.0.1.tgz",
      "integrity": "sha512-KKy6EHbXn2oH8P/Rj1PnUtMHWsBeiqRFSx1Vp/kPhzGK3T0VA1jtRbYvFJwNmO2UOQFLJhopnOdJ2Dw19M2JgQ==",
      "cpu": [
        "ia32"
      ],
      "license": "MIT",
      "optional": true,
      "os": [
        "openbsd"
      ],
      "funding": {
        "url": "https://liberapay.com/Koromix"
      }
    },
    "node_modules/@koromix/koffi-openbsd-x64": {
      "version": "3.0.1",
      "resolved": "https://registry.npmjs.org/@koromix/koffi-openbsd-x64/-/koffi-openbsd-x64-3.0.1.tgz",
      "integrity": "sha512-ALJUnFPdflqg7X/ob3WQlxO8meEznkEbg4d2DEWDlqYYfvZJsPajcsUQLcHqdpczsABzRfhzq5Ibvv3Sy4/PZg==",
      "cpu": [
        "x64"
      ],
      "license": "MIT",
      "optional": true,
      "os": [
        "openbsd"
      ],
      "funding": {
        "url": "https://liberapay.com/Koromix"
      }
    },
    "node_modules/@koromix/koffi-win32-ia32": {
      "version": "3.0.1",
      "resolved": "https://registry.npmjs.org/@koromix/koffi-win32-ia32/-/koffi-win32-ia32-3.0.1.tgz",
      "integrity": "sha512-bqzZ4TrKjqZBbgwvvasjUSWqzt+xxdvvizoRBJSfGzgTB/Q7WfukI4QAXilwXzjFuZioXnUhiHxoyn9Q0wK2Iw==",
      "cpu": [
        "ia32"
      ],
      "license": "MIT",
      "optional": true,
      "os": [
        "win32"
      ],
      "funding": {
        "url": "https://liberapay.com/Koromix"
      }
    },
    "node_modules/@koromix/koffi-win32-x64": {
      "version": "3.0.1",
      "resolved": "https://registry.npmjs.org/@koromix/koffi-win32-x64/-/koffi-win32-x64-3.0.1.tgz",
      "integrity": "sha512-em4JivMX6YuOBmvgv4+sw33t+hDcb7T3+qYjsBRF2cgbPNGPb8hsbVCb8GiSqJalDsp0jPYq1rF1ciBi2Xr4PA==",
      "cpu": [
        "x64"
      ],
      "license": "MIT",
      "optional": true,
      "os": [
        "win32"
      ],
      "funding": {
        "url": "https://liberapay.com/Koromix"
      }
    },
    "node_modules/koffi": {
      "version": "3.0.1",
      "resolved": "https://registry.npmjs.org/koffi/-/koffi-3.0.1.tgz",
      "integrity": "sha512-SCG/5RY6zLgiXq9dBSF2INbHow9CD0kjmooYDxDfU8e1t28lk1/0Iqq402+Ae/kgjpxJ/7ScpBdxpkBruTU9hQ==",
      "hasInstallScript": true,
      "license": "MIT",
      "funding": {
        "url": "https://liberapay.com/Koromix"
      },
      "optionalDependencies": {
        "@koromix/koffi-darwin-arm64": "3.0.1",
        "@koromix/koffi-darwin-x64": "3.0.1",
        "@koromix/koffi-freebsd-arm64": "3.0.1",
        "@koromix/koffi-freebsd-ia32": "3.0.1",
        "@koromix/koffi-freebsd-x64": "3.0.1",
        "@koromix/koffi-linux-arm64": "3.0.1",
        "@koromix/koffi-linux-ia32": "3.0.1",
        "@koromix/koffi-linux-loong64": "3.0.1",
        "@koromix/koffi-linux-riscv64": "3.0.1",
        "@koromix/koffi-linux-x64": "3.0.1",
        "@koromix/koffi-openbsd-ia32": "3.0.1",
        "@koromix/koffi-openbsd-x64": "3.0.1",
        "@koromix/koffi-win32-ia32": "3.0.1",
        "@koromix/koffi-win32-x64": "3.0.1"
      }
    }
  }
}
